
Microsoft Visual Studio Solution File, Format Version 12.00
# Visual Studio Version 17
VisualStudioVersion = 17.13.35825.156 d17.13
MinimumVisualStudioVersion = 10.0.40219.1
Project("{FAE04EC0-301F-11D3-BF4B-00C04F79EFBC}") = "FullAsyncEntityProject", "FullAsyncEntityProject\FullAsyncEntityProject.csproj", "{3F9D37DB-E5BB-488D-8A97-98500B4E0C17}"
EndProject
Global
	GlobalSection(SolutionConfigurationPlatforms) = preSolution
		Debug|Any CPU = Debug|Any CPU
		Release|Any CPU = Release|Any CPU
	EndGlobalSection
	GlobalSection(ProjectConfigurationPlatforms) = postSolution
		{3F9D37DB-E5BB-488D-8A97-98500B4E0C17}.Debug|Any CPU.ActiveCfg = Debug|Any CPU
		{3F9D37DB-E5BB-488D-8A97-98500B4E0C17}.Debug|Any CPU.Build.0 = Debug|Any CPU
		{3F9D37DB-E5BB-488D-8A97-98500B4E0C17}.Release|Any CPU.ActiveCfg = Release|Any CPU
		{3F9D37DB-E5BB-488D-8A97-98500B4E0C17}.Release|Any CPU.Build.0 = Release|Any CPU
	EndGlobalSection
	GlobalSection(SolutionProperties) = preSolution
		HideSolutionNode = FALSE
	EndGlobalSection
	GlobalSection(ExtensibilityGlobals) = postSolution
		SolutionGuid = {E0450DC0-C98A-4296-9D38-AB8E5897749A}
	EndGlobalSection
EndGlobal
